// !$*UTF8*$!
{
	archiveVersion = 1;
	classes = {
	};
	objectVersion = 55;
	objects = {

/* Begin PBXBuildFile section */
		DD3D7239292F488200B96E81 /* MissionView.swift in Sources */ = {isa = PBXBuildFile; fileRef = DD3D7238292F488200B96E81 /* MissionView.swift */; };
		DD3D723B292F576000B96E81 /* AstronautView.swift in Sources */ = {isa = PBXBuildFile; fileRef = DD3D723A292F576000B96E81 /* AstronautView.swift */; };
		DDD1CC2F292E46350005ACEF /* MoonshotAppApp.swift in Sources */ = {isa = PBXBuildFile; fileRef = DDD1CC2E292E46350005ACEF /* MoonshotAppApp.swift */; };
		DDD1CC31292E46350005ACEF /* ContentView.swift in Sources */ = {isa = PBXBuildFile; fileRef = DDD1CC30292E46350005ACEF /* ContentView.swift */; };
		DDD1CC33292E463C0005ACEF /* Assets.xcassets in Resources */ = {isa = PBXBuildFile; fileRef = DDD1CC32292E463C0005ACEF /* Assets.xcassets */; };
		DDD1CC36292E463C0005ACEF /* Preview Assets.xcassets in Resources */ = {isa = PBXBuildFile; fileRef = DDD1CC35292E463C0005ACEF /* Preview Assets.xcassets */; };
		DDF3828B292E71F50028CD83 /* astronauts.json in Resources */ = {isa = PBXBuildFile; fileRef = DDF38289292E71F50028CD83 /* astronauts.json */; };
		DDF3828C292E71F50028CD83 /* missions.json in Resources */ = {isa = PBXBuildFile; fileRef = DDF3828A292E71F50028CD83 /* missions.json */; };
		DDF3828E292E726F0028CD83 /* Astronaut.swift in Sources */ = {isa = PBXBuildFile; fileRef = DDF3828D292E726F0028CD83 /* Astronaut.swift */; };
		DDF38290292E72FD0028CD83 /* Bundle_Decodable.swift in Sources */ = {isa = PBXBuildFile; fileRef = DDF3828F292E72FD0028CD83 /* Bundle_Decodable.swift */; };
		DDF38292292E75700028CD83 /* Mission.swift in Sources */ = {isa = PBXBuildFile; fileRef = DDF38291292E75700028CD83 /* Mission.swift */; };
		DDF38294292E7F960028CD83 /* Color-Theme.swift in Sources */ = {isa = PBXBuildFile; fileRef = DDF38293292E7F960028CD83 /* Color-Theme.swift */; };
/* End PBXBuildFile section */

/* Begin PBXFileReference section */
		DD3D7238292F488200B96E81 /* MissionView.swift */ = {isa = PBXFileReference; lastKnownFileType = sourcecode.swift; path = MissionView.swift; sourceTree = "<group>"; };
		DD3D723A292F576000B96E81 /* AstronautView.swift */ = {isa = PBXFileReference; lastKnownFileType = sourcecode.swift; path = AstronautView.swift; sourceTree = "<group>"; };
		DDD1CC2B292E46350005ACEF /* MoonshotApp.app */ = {isa = PBXFileReference; explicitFileType = wrapper.application; includeInIndex = 0; path = MoonshotApp.app; sourceTree = BUILT_PRODUCTS_DIR; };
		DDD1CC2E292E46350005ACEF /* MoonshotAppApp.swift */ = {isa = PBXFileReference; lastKnownFileType = sourcecode.swift; path = MoonshotAppApp.swift; sourceTree = "<group>"; };
		DDD1CC30292E46350005ACEF /* ContentView.swift */ = {isa = PBXFileReference; lastKnownFileType = sourcecode.swift; path = ContentView.swift; sourceTree = "<group>"; };
		DDD1CC32292E463C0005ACEF /* Assets.xcassets */ = {isa = PBXFileReference; lastKnownFileType = folder.assetcatalog; path = Assets.xcassets; sourceTree = "<group>"; };
		DDD1CC35292E463C0005ACEF /* Preview Assets.xcassets */ = {isa = PBXFileReference; lastKnownFileType = folder.assetcatalog; path = "Preview Assets.xcassets"; sourceTree = "<group>"; };
		DDF38289292E71F50028CD83 /* astronauts.json */ = {isa = PBXFileReference; fileEncoding = 4; lastKnownFileType = text.json; path = astronauts.json; sourceTree = "<group>"; };
		DDF3828A292E71F50028CD83 /* missions.json */ = {isa = PBXFileReference; fileEncoding = 4; lastKnownFileType = text.json; path = missions.json; sourceTree = "<group>"; };
		DDF3828D292E726F0028CD83 /* Astronaut.swift */ = {isa = PBXFileReference; lastKnownFileType = sourcecode.swift; path = Astronaut.swift; sourceTree = "<group>"; };
		DDF3828F292E72FD0028CD83 /* Bundle_Decodable.swift */ = {isa = PBXFileReference; lastKnownFileType = sourcecode.swift; path = Bundle_Decodable.swift; sourceTree = "<group>"; };
		DDF38291292E75700028CD83 /* Mission.swift */ = {isa = PBXFileReference; lastKnownFileType = sourcecode.swift; path = Mission.swift; sourceTree = "<group>"; };
		DDF38293292E7F960028CD83 /* Color-Theme.swift */ = {isa = PBXFileReference; lastKnownFileType = sourcecode.swift; path = "Color-Theme.swift"; sourceTree = "<group>"; };
/* End PBXFileReference section */

/* Begin PBXFrameworksBuildPhase section */
		DDD1CC28292E46350005ACEF /* Frameworks */ = {
			isa = PBXFrameworksBuildPhase;
			buildActionMask = 2147483647;
			files = (
			);
			runOnlyForDeploymentPostprocessing = 0;
		};
/* End PBXFrameworksBuildPhase section */

/* Begin PBXGroup section */
		DDD1CC22292E46350005ACEF = {
			isa = PBXGroup;
			children = (
				DDD1CC2D292E46350005ACEF /* MoonshotApp */,
				DDD1CC2C292E46350005ACEF /* Products */,
			);
			sourceTree = "<group>";
		};
		DDD1CC2C292E46350005ACEF /* Products */ = {
			isa = PBXGroup;
			children = (
				DDD1CC2B292E46350005ACEF /* MoonshotApp.app */,
			);
			name = Products;
			sourceTree = "<group>";
		};
		DDD1CC2D292E46350005ACEF /* MoonshotApp */ = {
			isa = PBXGroup;
			children = (
				DDF38289292E71F50028CD83 /* astronauts.json */,
				DDF3828A292E71F50028CD83 /* missions.json */,
				DDD1CC2E292E46350005ACEF /* MoonshotAppApp.swift */,
				DDD1CC30292E46350005ACEF /* ContentView.swift */,
				DDF38293292E7F960028CD83 /* Color-Theme.swift */,
				DDF38291292E75700028CD83 /* Mission.swift */,
				DDF3828D292E726F0028CD83 /* Astronaut.swift */,
				DDF3828F292E72FD0028CD83 /* Bundle_Decodable.swift */,
				DDD1CC32292E463C0005ACEF /* Assets.xcassets */,
				DDD1CC34292E463C0005ACEF /* Preview Content */,
				DD3D7238292F488200B96E81 /* MissionView.swift */,
				DD3D723A292F576000B96E81 /* AstronautView.swift */,
			);
			path = MoonshotApp;
			sourceTree = "<group>";
		};
		DDD1CC34292E463C0005ACEF /* Preview Content */ = {
			isa = PBXGroup;
			children = (
				DDD1CC35292E463C0005ACEF /* Preview Assets.xcassets */,
			);
			path = "Preview Content";
			sourceTree = "<group>";
		};
/* End PBXGroup section */

/* Begin PBXNativeTarget section */
		DDD1CC2A292E46350005ACEF /* MoonshotApp */ = {
			isa = PBXNativeTarget;
			buildConfigurationList = DDD1CC39292E463C0005ACEF /* Build configuration list for PBXNativeTarget "MoonshotApp" */;
			buildPhases = (
				DDD1CC27292E46350005ACEF /* Sources */,
				DDD1CC28292E46350005ACEF /* Frameworks */,
				DDD1CC29292E46350005ACEF /* Resources */,
			);
			buildRules = (
			);
			dependencies = (
			);
			name = MoonshotApp;
			productName = MoonshotApp;
			productReference = DDD1CC2B292E46350005ACEF /* MoonshotApp.app */;
			productType = "com.apple.product-type.application";
		};
/* End PBXNativeTarget section */

/* Begin PBXProject section */
		DDD1CC23292E46350005ACEF /* Project object */ = {
			isa = PBXProject;
			attributes = {
				BuildIndependentTargetsInParallel = 1;
				LastSwiftUpdateCheck = 1300;
				LastUpgradeCheck = 1300;
				TargetAttributes = {
					DDD1CC2A292E46350005ACEF = {
						CreatedOnToolsVersion = 13.0;
					};
				};
			};
			buildConfigurationList = DDD1CC26292E46350005ACEF /* Build configuration list for PBXProject "MoonshotApp" */;
			compatibilityVersion = "Xcode 13.0";
			developmentRegion = en;
			hasScannedForEncodings = 0;
			knownRegions = (
				en,
				Base,
			);
			mainGroup = DDD1CC22292E46350005ACEF;
			productRefGroup = DDD1CC2C292E46350005ACEF /* Products */;
			projectDirPath = "";
			projectRoot = "";
			targets = (
				DDD1CC2A292E46350005ACEF /* MoonshotApp */,
			);
		};
/* End PBXProject section */

/* Begin PBXResourcesBuildPhase section */
		DDD1CC29292E46350005ACEF /* Resources */ = {
			isa = PBXResourcesBuildPhase;
			buildActionMask = 2147483647;
			files = (
				DDF3828B292E71F50028CD83 /* astronauts.json in Resources */,
				DDD1CC36292E463C0005ACEF /* Preview Assets.xcassets in Resources */,
				DDF3828C292E71F50028CD83 /* missions.json in Resources */,
				DDD1CC33292E463C0005ACEF /* Assets.xcassets in Resources */,
			);
			runOnlyForDeploymentPostprocessing = 0;
		};
/* End PBXResourcesBuildPhase section */

/* Begin PBXSourcesBuildPhase section */
		DDD1CC27292E46350005ACEF /* Sources */ = {
			isa = PBXSourcesBuildPhase;
			buildActionMask = 2147483647;
			files = (
				DD3D7239292F488200B96E81 /* MissionView.swift in Sources */,
				DDF3828E292E726F0028CD83 /* Astronaut.swift in Sources */,
				DD3D723B292F576000B96E81 /* AstronautView.swift in Sources */,
				DDF38294292E7F960028CD83 /* Color-Theme.swift in Sources */,
				DDF38290292E72FD0028CD83 /* Bundle_Decodable.swift in Sources */,
				DDD1CC31292E46350005ACEF /* ContentView.swift in Sources */,
				DDF38292292E75700028CD83 /* Mission.swift in Sources */,
				DDD1CC2F292E46350005ACEF /* MoonshotAppApp.swift in Sources */,
			);
			runOnlyForDeploymentPostprocessing = 0;
		};
/* End PBXSourcesBuildPhase section */

/* Begin XCBuildConfiguration section */
		DDD1CC37292E463C0005ACEF /* Debug */ = {
			isa = XCBuildConfiguration;
			buildSettings = {
				ALWAYS_SEARCH_USER_PATHS = NO;
				CLANG_ANALYZER_NONNULL = YES;
				CLANG_ANALYZER_NUMBER_OBJECT_CONVERSION = YES_AGGRESSIVE;
				CLANG_CXX_LANGUAGE_STANDARD = "gnu++17";
				CLANG_CXX_LIBRARY = "libc++";
				CLANG_ENABLE_MODULES = YES;
				CLANG_ENABLE_OBJC_ARC = YES;
				CLANG_ENABLE_OBJC_WEAK = YES;
				CLANG_WARN_BLOCK_CAPTURE_AUTORELEASING = YES;
				CLANG_WARN_BOOL_CONVERSION = YES;
				CLANG_WARN_COMMA = YES;
				CLANG_WARN_CONSTANT_CONVERSION = YES;
				CLANG_WARN_DEPRECATED_OBJC_IMPLEMENTATIONS = YES;
				CLANG_WARN_DIRECT_OBJC_ISA_USAGE = YES_ERROR;
				CLANG_WARN_DOCUMENTATION_COMMENTS = YES;
				CLANG_WARN_EMPTY_BODY = YES;
				CLANG_WARN_ENUM_CONVERSION = YES;
				CLANG_WARN_INFINITE_RECURSION = YES;
				CLANG_WARN_INT_CONVERSION = YES;
				CLANG_WARN_NON_LITERAL_NULL_CONVERSION = YES;
				CLANG_WARN_OBJC_IMPLICIT_RETAIN_SELF = YES;
				CLANG_WARN_OBJC_LITERAL_CONVERSION = YES;
				CLANG_WARN_OBJC_ROOT_CLASS = YES_ERROR;
				CLANG_WARN_QUOTED_INCLUDE_IN_FRAMEWORK_HEADER = YES;
				CLANG_WARN_RANGE_LOOP_ANALYSIS = YES;
				CLANG_WARN_STRICT_PROTOTYPES = YES;
				CLANG_WARN_SUSPICIOUS_MOVE = YES;
				CLANG_WARN_UNGUARDED_AVAILABILITY = YES_AGGRESSIVE;
				CLANG_WARN_UNREACHABLE_CODE = YES;
				CLANG_WARN__DUPLICATE_METHOD_MATCH = YES;
				COPY_PHASE_STRIP = NO;
				DEBUG_INFORMATION_FORMAT = dwarf;
				ENABLE_STRICT_OBJC_MSGSEND = YES;
				ENABLE_TESTABILITY = YES;
				GCC_C_LANGUAGE_STANDARD = gnu11;
				GCC_DYNAMIC_NO_PIC = NO;
				GCC_NO_COMMON_BLOCKS = YES;
				GCC_OPTIMIZATION_LEVEL = 0;
				GCC_PREPROCESSOR_DEFINITIONS = (
					"DEBUG=1",
					"$(inherited)",
				);
				GCC_WARN_64_TO_32_BIT_CONVERSION = YES;
				GCC_WARN_ABOUT_RETURN_TYPE = YES_ERROR;
				GCC_WARN_UNDECLARED_SELECTOR = YES;
				GCC_WARN_UNINITIALIZED_AUTOS = YES_AGGRESSIVE;
				GCC_WARN_UNUSED_FUNCTION = YES;
				GCC_WARN_UNUSED_VARIABLE = YES;
				IPHONEOS_DEPLOYMENT_TARGET = 15.0;
				MTL_ENABLE_DEBUG_INFO = INCLUDE_SOURCE;
				MTL_FAST_MATH = YES;
				ONLY_ACTIVE_ARCH = YES;
				SDKROOT = iphoneos;
				SWIFT_ACTIVE_COMPILATION_CONDITIONS = DEBUG;
				SWIFT_OPTIMIZATION_LEVEL = "-Onone";
			};
			name = Debug;
		};
		DDD1CC38292E463C0005ACEF /* Release */ = {
			isa = XCBuildConfiguration;
			buildSettings = {
				ALWAYS_SEARCH_USER_PATHS = NO;
				CLANG_ANALYZER_NONNULL = YES;
				CLANG_ANALYZER_NUMBER_OBJECT_CONVERSION = YES_AGGRESSIVE;
				CLANG_CXX_LANGUAGE_STANDARD = "gnu++17";
				CLANG_CXX_LIBRARY = "libc++";
				CLANG_ENABLE_MODULES = YES;
				CLANG_ENABLE_OBJC_ARC = YES;
				CLANG_ENABLE_OBJC_WEAK = YES;
				CLANG_WARN_BLOCK_CAPTURE_AUTORELEASING = YES;
				CLANG_WARN_BOOL_CONVERSION = YES;
				CLANG_WARN_COMMA = YES;
				CLANG_WARN_CONSTANT_CONVERSION = YES;
				CLANG_WARN_DEPRECATED_OBJC_IMPLEMENTATIONS = YES;
				CLANG_WARN_DIRECT_OBJC_ISA_USAGE = YES_ERROR;
				CLANG_WARN_DOCUMENTATION_COMMENTS = YES;
				CLANG_WARN_EMPTY_BODY = YES;
				CLANG_WARN_ENUM_CONVERSION = YES;
				CLANG_WARN_INFINITE_RECURSION = YES;
				CLANG_WARN_INT_CONVERSION = YES;
				CLANG_WARN_NON_LITERAL_NULL_CONVERSION = YES;
				CLANG_WARN_OBJC_IMPLICIT_RETAIN_SELF = YES;
				CLANG_WARN_OBJC_LITERAL_CONVERSION = YES;
				CLANG_WARN_OBJC_ROOT_CLASS = YES_ERROR;
				CLANG_WARN_QUOTED_INCLUDE_IN_FRAMEWORK_HEADER = YES;
				CLANG_WARN_RANGE_LOOP_ANALYSIS = YES;
				CLANG_WARN_STRICT_PROTOTYPES = YES;
				CLANG_WARN_SUSPICIOUS_MOVE = YES;
				CLANG_WARN_UNGUARDED_AVAILABILITY = YES_AGGRESSIVE;
				CLANG_WARN_UNREACHABLE_CODE = YES;
				CLANG_WARN__DUPLICATE_METHOD_MATCH = YES;
				COPY_PHASE_STRIP = NO;
				DEBUG_INFORMATION_FORMAT = "dwarf-with-dsym";
				ENABLE_NS_ASSERTIONS = NO;
				ENABLE_STRICT_OBJC_MSGSEND = YES;
				GCC_C_LANGUAGE_STANDARD = gnu11;
				GCC_NO_COMMON_BLOCKS = YES;
				GCC_WARN_64_TO_32_BIT_CONVERSION = YES;
				GCC_WARN_ABOUT_RETURN_TYPE = YES_ERROR;
				GCC_WARN_UNDECLARED_SELECTOR = YES;
				GCC_WARN_UNINITIALIZED_AUTOS = YES_AGGRESSIVE;
				GCC_WARN_UNUSED_FUNCTION = YES;
				GCC_WARN_UNUSED_VARIABLE = YES;
				IPHONEOS_DEPLOYMENT_TARGET = 15.0;
				MTL_ENABLE_DEBUG_INFO = NO;
				MTL_FAST_MATH = YES;
				SDKROOT = iphoneos;
				SWIFT_COMPILATION_MODE = wholemodule;
				SWIFT_OPTIMIZATION_LEVEL = "-O";
				VALIDATE_PRODUCT = YES;
			};
			name = Release;
		};
		DDD1CC3A292E463C0005ACEF /* Debug */ = {
			isa = XCBuildConfiguration;
			buildSettings = {
				ASSETCATALOG_COMPILER_APPICON_NAME = AppIcon;
				ASSETCATALOG_COMPILER_GLOBAL_ACCENT_COLOR_NAME = AccentColor;
				CODE_SIGN_STYLE = Automatic;
				CURRENT_PROJECT_VERSION = 1;
				DEVELOPMENT_ASSET_PATHS = "\"MoonshotApp/Preview Content\"";
				ENABLE_PREVIEWS = YES;
				GENERATE_INFOPLIST_FILE = YES;
				INFOPLIST_KEY_UIApplicationSceneManifest_Generation = YES;
				INFOPLIST_KEY_UIApplicationSupportsIndirectInputEvents = YES;
				INFOPLIST_KEY_UILaunchScreen_Generation = YES;
				INFOPLIST_KEY_UISupportedInterfaceOrientations_iPad = "UIInterfaceOrientationPortrait UIInterfaceOrientationPortraitUpsideDown UIInterfaceOrientationLandscapeLeft UIInterfaceOrientationLandscapeRight";
				INFOPLIST_KEY_UISupportedInterfaceOrientations_iPhone = "UIInterfaceOrientationPortrait UIInterfaceOrientationLandscapeLeft UIInterfaceOrientationLandscapeRight";
				IPHONEOS_DEPLOYMENT_TARGET = 15.0;
				LD_RUNPATH_SEARCH_PATHS = (
					"$(inherited)",
					"@executable_path/Frameworks",
				);
				MARKETING_VERSION = 1.0;
				PRODUCT_BUNDLE_IDENTIFIER = com.SelfLearningPath.MoonshotApp;
				PRODUCT_NAME = "$(TARGET_NAME)";
				SWIFT_EMIT_LOC_STRINGS = YES;
				SWIFT_VERSION = 5.0;
				TARGETED_DEVICE_FAMILY = "1,2";
			};
			name = Debug;
		};
		DDD1CC3B292E463C0005ACEF /* Release */ = {
			isa = XCBuildConfiguration;
			buildSettings = {
				ASSETCATALOG_COMPILER_APPICON_NAME = AppIcon;
				ASSETCATALOG_COMPILER_GLOBAL_ACCENT_COLOR_NAME = AccentColor;
				CODE_SIGN_STYLE = Automatic;
				CURRENT_PROJECT_VERSION = 1;
				DEVELOPMENT_ASSET_PATHS = "\"MoonshotApp/Preview Content\"";
				ENABLE_PREVIEWS = YES;
				GENERATE_INFOPLIST_FILE = YES;
				INFOPLIST_KEY_UIApplicationSceneManifest_Generation = YES;
				INFOPLIST_KEY_UIApplicationSupportsIndirectInputEvents = YES;
				INFOPLIST_KEY_UILaunchScreen_Generation = YES;
				INFOPLIST_KEY_UISupportedInterfaceOrientations_iPad = "UIInterfaceOrientationPortrait UIInterfaceOrientationPortraitUpsideDown UIInterfaceOrientationLandscapeLeft UIInterfaceOrientationLandscapeRight";
				INFOPLIST_KEY_UISupportedInterfaceOrientations_iPhone = "UIInterfaceOrientationPortrait UIInterfaceOrientationLandscapeLeft UIInterfaceOrientationLandscapeRight";
				IPHONEOS_DEPLOYMENT_TARGET = 15.0;
				LD_RUNPATH_SEARCH_PATHS = (
					"$(inherited)",
					"@executable_path/Frameworks",
				);
				MARKETING_VERSION = 1.0;
				PRODUCT_BUNDLE_IDENTIFIER = com.SelfLearningPath.MoonshotApp;
				PRODUCT_NAME = "$(TARGET_NAME)";
				SWIFT_EMIT_LOC_STRINGS = YES;
				SWIFT_VERSION = 5.0;
				TARGETED_DEVICE_FAMILY = "1,2";
			};
			name = Release;
		};
/* End XCBuildConfiguration section */

/* Begin XCConfigurationList section */
		DDD1CC26292E46350005ACEF /* Build configuration list for PBXProject "MoonshotApp" */ = {
			isa = XCConfigurationList;
			buildConfigurations = (
				DDD1CC37292E463C0005ACEF /* Debug */,
				DDD1CC38292E463C0005ACEF /* Release */,
			);
			defaultConfigurationIsVisible = 0;
			defaultConfigurationName = Release;
		};
		DDD1CC39292E463C0005ACEF /* Build configuration list for PBXNativeTarget "MoonshotApp" */ = {
			isa = XCConfigurationList;
			buildConfigurations = (
				DDD1CC3A292E463C0005ACEF /* Debug */,
				DDD1CC3B292E463C0005ACEF /* Release */,
			);
			defaultConfigurationIsVisible = 0;
			defaultConfigurationName = Release;
		};
/* End XCConfigurationList section */
	};
	rootObject = DDD1CC23292E46350005ACEF /* Project object */;
}
